
Microsoft Visual Studio Solution File, Format Version 12.00
# Visual Studio Version 16
VisualStudioVersion = 16.0.30114.105
MinimumVisualStudioVersion = 10.0.40219.1
Project("{2150E333-8FDC-42A3-9474-1A3956D46DE8}") = "src", "src", "{DF3ADAB1-A91F-442F-AE52-9B6C19291929}"
EndProject
Project("{FAE04EC0-301F-11D3-BF4B-00C04F79EFBC}") = "SecsGem.Net", "src\SecsGem.Net\SecsGem.Net.csproj", "{61260C9F-561A-4018-99EA-03E38C63B606}"
EndProject
Project("{2150E333-8FDC-42A3-9474-1A3956D46DE8}") = "samples", "samples", "{47DA038D-5745-465D-AEB5-7662F592E632}"
EndProject
Project("{FAE04EC0-301F-11D3-BF4B-00C04F79EFBC}") = "Basic_Connect", "samples\Basic_Connect\Basic_Connect.csproj", "{85EDA25C-3F56-4A36-ABFF-1DA617425E33}"
EndProject
Project("{FAE04EC0-301F-11D3-BF4B-00C04F79EFBC}") = "Sml_Demo", "samples\Sml_Demo\Sml_Demo.csproj", "{9D21CC9C-D994-4ECC-9807-77F30C022AAF}"
EndProject
Project("{FAE04EC0-301F-11D3-BF4B-00C04F79EFBC}") = "Gem_Demo", "samples\Gem_Demo\Gem_Demo.csproj", "{1FB0ECAE-A2B5-4143-8145-D4F4E06286EC}"
EndProject
Project("{FAE04EC0-301F-11D3-BF4B-00C04F79EFBC}") = "Gem300_Demo", "samples\Gem300_Demo\Gem300_Demo.csproj", "{57FB11ED-C65B-457B-8204-374CDF32B906}"
EndProject
Global
	GlobalSection(SolutionConfigurationPlatforms) = preSolution
		Debug|Any CPU = Debug|Any CPU
		Release|Any CPU = Release|Any CPU
	EndGlobalSection
	GlobalSection(SolutionProperties) = preSolution
		HideSolutionNode = FALSE
	EndGlobalSection
	GlobalSection(ProjectConfigurationPlatforms) = postSolution
		{61260C9F-561A-4018-99EA-03E38C63B606}.Debug|Any CPU.ActiveCfg = Debug|Any CPU
		{61260C9F-561A-4018-99EA-03E38C63B606}.Debug|Any CPU.Build.0 = Debug|Any CPU
		{61260C9F-561A-4018-99EA-03E38C63B606}.Release|Any CPU.ActiveCfg = Release|Any CPU
		{61260C9F-561A-4018-99EA-03E38C63B606}.Release|Any CPU.Build.0 = Release|Any CPU
		{85EDA25C-3F56-4A36-ABFF-1DA617425E33}.Debug|Any CPU.ActiveCfg = Debug|Any CPU
		{85EDA25C-3F56-4A36-ABFF-1DA617425E33}.Debug|Any CPU.Build.0 = Debug|Any CPU
		{85EDA25C-3F56-4A36-ABFF-1DA617425E33}.Release|Any CPU.ActiveCfg = Release|Any CPU
		{85EDA25C-3F56-4A36-ABFF-1DA617425E33}.Release|Any CPU.Build.0 = Release|Any CPU
		{9D21CC9C-D994-4ECC-9807-77F30C022AAF}.Debug|Any CPU.ActiveCfg = Debug|Any CPU
		{9D21CC9C-D994-4ECC-9807-77F30C022AAF}.Debug|Any CPU.Build.0 = Debug|Any CPU
		{9D21CC9C-D994-4ECC-9807-77F30C022AAF}.Release|Any CPU.ActiveCfg = Release|Any CPU
		{9D21CC9C-D994-4ECC-9807-77F30C022AAF}.Release|Any CPU.Build.0 = Release|Any CPU
		{1FB0ECAE-A2B5-4143-8145-D4F4E06286EC}.Debug|Any CPU.ActiveCfg = Debug|Any CPU
		{1FB0ECAE-A2B5-4143-8145-D4F4E06286EC}.Debug|Any CPU.Build.0 = Debug|Any CPU
		{1FB0ECAE-A2B5-4143-8145-D4F4E06286EC}.Release|Any CPU.ActiveCfg = Release|Any CPU
		{1FB0ECAE-A2B5-4143-8145-D4F4E06286EC}.Release|Any CPU.Build.0 = Release|Any CPU
		{57FB11ED-C65B-457B-8204-374CDF32B906}.Debug|Any CPU.ActiveCfg = Debug|Any CPU
		{57FB11ED-C65B-457B-8204-374CDF32B906}.Debug|Any CPU.Build.0 = Debug|Any CPU
		{57FB11ED-C65B-457B-8204-374CDF32B906}.Release|Any CPU.ActiveCfg = Release|Any CPU
		{57FB11ED-C65B-457B-8204-374CDF32B906}.Release|Any CPU.Build.0 = Release|Any CPU
	EndGlobalSection
	GlobalSection(NestedProjects) = preSolution
		{61260C9F-561A-4018-99EA-03E38C63B606} = {DF3ADAB1-A91F-442F-AE52-9B6C19291929}
		{85EDA25C-3F56-4A36-ABFF-1DA617425E33} = {47DA038D-5745-465D-AEB5-7662F592E632}
		{9D21CC9C-D994-4ECC-9807-77F30C022AAF} = {47DA038D-5745-465D-AEB5-7662F592E632}
		{1FB0ECAE-A2B5-4143-8145-D4F4E06286EC} = {47DA038D-5745-465D-AEB5-7662F592E632}
		{57FB11ED-C65B-457B-8204-374CDF32B906} = {47DA038D-5745-465D-AEB5-7662F592E632}
	EndGlobalSection
EndGlobal
